
Microsoft Visual Studio Solution File, Format Version 12.00
# Visual Studio Version 16
VisualStudioVersion = 16.0.31702.278
MinimumVisualStudioVersion = 10.0.40219.1
Project("{FAE04EC0-301F-11D3-BF4B-00C04F79EFBC}") = "ClassLibraryEngine", "ClassLibraryEngine\ClassLibraryEngine.csproj", "{7968C55D-F493-474A-9150-164BB5AE5FE1}"
EndProject
Global
	GlobalSection(SolutionConfigurationPlatforms) = preSolution
		Debug|Any CPU = Debug|Any CPU
		Release|Any CPU = Release|Any CPU
	EndGlobalSection
	GlobalSection(ProjectConfigurationPlatforms) = postSolution
		{7968C55D-F493-474A-9150-164BB5AE5FE1}.Debug|Any CPU.ActiveCfg = Debug|Any CPU
		{7968C55D-F493-474A-9150-164BB5AE5FE1}.Debug|Any CPU.Build.0 = Debug|Any CPU
		{7968C55D-F493-474A-9150-164BB5AE5FE1}.Release|Any CPU.ActiveCfg = Release|Any CPU
		{7968C55D-F493-474A-9150-164BB5AE5FE1}.Release|Any CPU.Build.0 = Release|Any CPU
	EndGlobalSection
	GlobalSection(SolutionProperties) = preSolution
		HideSolutionNode = FALSE
	EndGlobalSection
	GlobalSection(ExtensibilityGlobals) = postSolution
		SolutionGuid = {FB3385FA-A96B-4676-931F-0D27561CF117}
	EndGlobalSection
EndGlobal
